{
    "_readme": [
        "This file locks the dependencies of your project to a known state",
        "Read more about it at https://getcomposer.org/doc/01-basic-usage.md#installing-dependencies",
        "This file is @generated automatically"
    ],
    "content-hash": "d10fec1d5e2f1b8cd4e5764fd9901d69",
    "packages": [
        {
            "name": "cweagans/composer-patches",
            "version": "1.7.3",
            "source": {
                "type": "git",
                "url": "https://github.com/cweagans/composer-patches.git",
                "reference": "e190d4466fe2b103a55467dfa83fc2fecfcaf2db"
            },
            "dist": {
                "type": "zip",
                "url": "https://api.github.com/repos/cweagans/composer-patches/zipball/e190d4466fe2b103a55467dfa83fc2fecfcaf2db",
                "reference": "e190d4466fe2b103a55467dfa83fc2fecfcaf2db",
                "shasum": ""
            },
            "require": {
                "composer-plugin-api": "^1.0 || ^2.0",
                "php": ">=5.3.0"
            },
            "require-dev": {
                "composer/composer": "~1.0 || ~2.0",
                "phpunit/phpunit": "~4.6"
            },
            "type": "composer-plugin",
            "extra": {
                "class": "cweagans\\Composer\\Patches"
            },
            "autoload": {
                "psr-4": {
                    "cweagans\\Composer\\": "src"
                }
            },
            "notification-url": "https://packagist.org/downloads/",
            "license": [
                "BSD-3-Clause"
            ],
            "authors": [
                {
                    "name": "Cameron Eagans",
                    "email": "me@cweagans.net"
                }
            ],
            "description": "Provides a way to patch Composer packages.",
            "support": {
                "issues": "https://github.com/cweagans/composer-patches/issues",
                "source": "https://github.com/cweagans/composer-patches/tree/1.7.3"
            },
            "time": "2022-12-20T22:53:13+00:00"
        },
        {
            "name": "respect/rest",
            "version": "0.6.1",
            "source": {
                "type": "git",
                "url": "https://github.com/Respect/Rest.git",
                "reference": "72cde63b78143b706011ed2e54c581705f107b71"
            },
            "dist": {
                "type": "zip",
                "url": "https://api.github.com/repos/Respect/Rest/zipball/72cde63b78143b706011ed2e54c581705f107b71",
                "reference": "72cde63b78143b706011ed2e54c581705f107b71",
                "shasum": ""
            },
            "require": {
                "php": ">=5.3.0"
            },
            "require-dev": {
                "phpunit/phpunit": "~4.4.0"
            },
            "type": "library",
            "extra": {
                "branch-alias": {
                    "dev-master": "0.6-dev"
                }
            },
            "autoload": {
                "psr-4": {
                    "Respect\\": "library/Respect"
                }
            },
            "notification-url": "https://packagist.org/downloads/",
            "license": [
                "BSD Style"
            ],
            "authors": [
                {
                    "name": "Alexandre Gaigalas",
                    "email": "alexandre@gaigalas.net"
                },
                {
                    "name": "Respect/Data Contributors",
                    "homepage": "https://github.com/Respect/Data/graphs/contributors"
                }
            ],
            "description": "Thin controller for RESTful applications",
            "homepage": "http://respect.li/",
            "support": {
                "issues": "https://github.com/Respect/Rest/issues",
                "source": "https://github.com/Respect/Rest/tree/master"
            },
            "time": "2019-03-22T17:26:19+00:00"
        }
    ],
    "packages-dev": [],
    "aliases": [],
    "minimum-stability": "stable",
    "stability-flags": {},
    "prefer-stable": false,
    "prefer-lowest": false,
    "platform": {},
    "platform-dev": {},
    "plugin-api-version": "2.6.0"
}
